
Microsoft Visual Studio Solution File, Format Version 12.00
# Visual Studio 15
VisualStudioVersion = 15.0.28307.1022
MinimumVisualStudioVersion = 10.0.40219.1
Project("{FAE04EC0-301F-11D3-BF4B-00C04F79EFBC}") = "NovoClasses", "NovoClasses\NovoClasses.csproj", "{BFA1C756-306A-4D97-838A-6A4123D7FE16}"
EndProject
Global
	GlobalSection(SolutionConfigurationPlatforms) = preSolution
		Debug|Any CPU = Debug|Any CPU
		Release|Any CPU = Release|Any CPU
	EndGlobalSection
	GlobalSection(ProjectConfigurationPlatforms) = postSolution
		{BFA1C756-306A-4D97-838A-6A4123D7FE16}.Debug|Any CPU.ActiveCfg = Debug|Any CPU
		{BFA1C756-306A-4D97-838A-6A4123D7FE16}.Debug|Any CPU.Build.0 = Debug|Any CPU
		{BFA1C756-306A-4D97-838A-6A4123D7FE16}.Release|Any CPU.ActiveCfg = Release|Any CPU
		{BFA1C756-306A-4D97-838A-6A4123D7FE16}.Release|Any CPU.Build.0 = Release|Any CPU
	EndGlobalSection
	GlobalSection(SolutionProperties) = preSolution
		HideSolutionNode = FALSE
	EndGlobalSection
	GlobalSection(ExtensibilityGlobals) = postSolution
		SolutionGuid = {EB81EE10-190F-4CA8-BD5B-23141BA2A657}
	EndGlobalSection
EndGlobal
